
Microsoft Visual Studio Solution File, Format Version 12.00
# Visual Studio Version 16
VisualStudioVersion = 16.0.30621.155
MinimumVisualStudioVersion = 10.0.40219.1
Project("{FAE04EC0-301F-11D3-BF4B-00C04F79EFBC}") = "Vjezba1", "Vjezba1\Vjezba1.csproj", "{355566E5-EBA4-4351-93A1-ADBE040087DE}"
EndProject
Global
	GlobalSection(SolutionConfigurationPlatforms) = preSolution
		Debug|Any CPU = Debug|Any CPU
		Release|Any CPU = Release|Any CPU
	EndGlobalSection
	GlobalSection(ProjectConfigurationPlatforms) = postSolution
		{355566E5-EBA4-4351-93A1-ADBE040087DE}.Debug|Any CPU.ActiveCfg = Debug|Any CPU
		{355566E5-EBA4-4351-93A1-ADBE040087DE}.Debug|Any CPU.Build.0 = Debug|Any CPU
		{355566E5-EBA4-4351-93A1-ADBE040087DE}.Release|Any CPU.ActiveCfg = Release|Any CPU
		{355566E5-EBA4-4351-93A1-ADBE040087DE}.Release|Any CPU.Build.0 = Release|Any CPU
	EndGlobalSection
	GlobalSection(SolutionProperties) = preSolution
		HideSolutionNode = FALSE
	EndGlobalSection
	GlobalSection(ExtensibilityGlobals) = postSolution
		SolutionGuid = {FA846856-5874-4D5A-9419-BF7154FCF1D9}
	EndGlobalSection
EndGlobal
